
Microsoft Visual Studio Solution File, Format Version 12.00
# Visual Studio Version 16
VisualStudioVersion = 16.0.29613.14
MinimumVisualStudioVersion = 10.0.40219.1
Project("{FAE04EC0-301F-11D3-BF4B-00C04F79EFBC}") = "HandsOnMVCUsingModelValidation", "HandsOnMVCUsingModelValidation.csproj", "{9E1D19B6-1B12-43F1-A8A1-3E8C748FEF13}"
EndProject
Global
	GlobalSection(SolutionConfigurationPlatforms) = preSolution
		Debug|Any CPU = Debug|Any CPU
		Release|Any CPU = Release|Any CPU
	EndGlobalSection
	GlobalSection(ProjectConfigurationPlatforms) = postSolution
		{9E1D19B6-1B12-43F1-A8A1-3E8C748FEF13}.Debug|Any CPU.ActiveCfg = Debug|Any CPU
		{9E1D19B6-1B12-43F1-A8A1-3E8C748FEF13}.Debug|Any CPU.Build.0 = Debug|Any CPU
		{9E1D19B6-1B12-43F1-A8A1-3E8C748FEF13}.Release|Any CPU.ActiveCfg = Release|Any CPU
		{9E1D19B6-1B12-43F1-A8A1-3E8C748FEF13}.Release|Any CPU.Build.0 = Release|Any CPU
	EndGlobalSection
	GlobalSection(SolutionProperties) = preSolution
		HideSolutionNode = FALSE
	EndGlobalSection
	GlobalSection(ExtensibilityGlobals) = postSolution
		SolutionGuid = {BE7046A5-2166-4D74-B13C-4B8A70F671F7}
	EndGlobalSection
EndGlobal
